schema: '2.0'
stages:
  data_ingestion:
    cmd: python notebooks/data/data_ingestion.py
    deps:
    - path: notebooks/data/data_ingestion.py
      hash: md5
      md5: bb90bfe1d3421ae80bc439a161d04e3e
      size: 3449
    params:
      params.yaml:
        data_ingestion.test_size: 0.2
    outs:
    - path: data/raw
      hash: md5
      md5: 5555179ba1adb98e191b98d9e115222b.dir
      size: 890259
      nfiles: 2
  data_preprocessing:
    cmd: python notebooks/data/data_preprocessing.py
    deps:
    - path: data/raw
      hash: md5
      md5: 5555179ba1adb98e191b98d9e115222b.dir
      size: 890259
      nfiles: 2
    - path: notebooks/data/data_preprocessing.py
      hash: md5
      md5: 2031843912c4af269f668db21e154783
      size: 3895
    outs:
    - path: data/interim
      hash: md5
      md5: c68f8f1287bf3fd8537fcea788bbcb57.dir
      size: 628496
      nfiles: 2
  feature_engineering:
    cmd: python notebooks/features/feature_engineering.py
    deps:
    - path: data/interim
      hash: md5
      md5: c68f8f1287bf3fd8537fcea788bbcb57.dir
      size: 628496
      nfiles: 2
    - path: notebooks/features/feature_engineering.py
      hash: md5
      md5: 1706dab6a05172407a551beeab54b5c2
      size: 3680
    params:
      params.yaml:
        feature_engineering.max_features: 100
    outs:
    - path: data/processed
      hash: md5
      md5: 7ceed4356f5c7d6b3174f3a0c8c69fe1.dir
      size: 2168802
      nfiles: 2
  model_building:
    cmd: python notebooks/model/model_building.py
    deps:
    - path: data/processed
      hash: md5
      md5: 7ceed4356f5c7d6b3174f3a0c8c69fe1.dir
      size: 2168802
      nfiles: 2
    - path: notebooks/model/model_building.py
      hash: md5
      md5: f463881c6df8539b78b3aca81f6d87f1
      size: 2986
    params:
      params.yaml:
        model_building.learning_rate: 0.1
        model_building.n_estimators: 25
    outs:
    - path: models/model.pkl
      hash: md5
      md5: ffd130d3fb74d80018f60796b4568171
      size: 39866
  model_evaluation:
    cmd: python notebooks/model/model_evaluation.py
    deps:
    - path: models/model.pkl
      hash: md5
      md5: ffd130d3fb74d80018f60796b4568171
      size: 39866
    - path: notebooks/model/model_evaluation.py
      hash: md5
      md5: da971d77cb4153f4ee64d2947485493f
      size: 3472
    outs:
    - path: reports/metrics.json
      hash: md5
      md5: 2c1949d3403626c8e8a6e2e729e6e08a
      size: 140
